{
  "name": "medrad-site",
  "lockfileVersion": 3,
  "requires": true,
  "packages": {
    "": {
      "dependencies": {
        "@lottiefiles/dotlottie-web": "^0.71.0",
        "framer-motion": "^12.38.0",
        "gsap": "^3.15.0",
        "lottie-web": "^5.13.0",
        "shadergradient": "^1.3.5"
      }
    },
    "node_modules/@lottiefiles/dotlottie-web": {
      "version": "0.71.0",
      "resolved": "https://registry.npmjs.org/@lottiefiles/dotlottie-web/-/dotlottie-web-0.71.0.tgz",
      "integrity": "sha512-CliQttL0Rk0or/aDQkqUJXnC9Cm5TxzNdOqy/YlzKlU6mu+XgTMwyt5/HpPiltlMeaqBmM9mOzfevpyP4QmudQ==",
      "license": "MIT"
    },
    "node_modules/framer-motion": {
      "version": "12.38.0",
      "resolved": "https://registry.npmjs.org/framer-motion/-/framer-motion-12.38.0.tgz",
      "integrity": "sha512-rFYkY/pigbcswl1XQSb7q424kSTQ8q6eAC+YUsSKooHQYuLdzdHjrt6uxUC+PRAO++q5IS7+TamgIw1AphxR+g==",
      "license": "MIT",
      "dependencies": {
        "motion-dom": "^12.38.0",
        "motion-utils": "^12.36.0",
        "tslib": "^2.4.0"
      },
      "peerDependencies": {
        "@emotion/is-prop-valid": "*",
        "react": "^18.0.0 || ^19.0.0",
        "react-dom": "^18.0.0 || ^19.0.0"
      },
      "peerDependenciesMeta": {
        "@emotion/is-prop-valid": {
          "optional": true
        },
        "react": {
          "optional": true
        },
        "react-dom": {
          "optional": true
        }
      }
    },
    "node_modules/gsap": {
      "version": "3.15.0",
      "resolved": "https://registry.npmjs.org/gsap/-/gsap-3.15.0.tgz",
      "integrity": "sha512-dMW4CWBTUK1AEEDeZc1g4xpPGIrSf9fJF960qbTZmN/QwZIWY5wgliS6JWl9/25fpTGJrMRtSjGtOmPnfjZB+A==",
      "license": "Standard 'no charge' license: https://gsap.com/standard-license."
    },
    "node_modules/lottie-web": {
      "version": "5.13.0",
      "resolved": "https://registry.npmjs.org/lottie-web/-/lottie-web-5.13.0.tgz",
      "integrity": "sha512-+gfBXl6sxXMPe8tKQm7qzLnUy5DUPJPKIyRHwtpCpyUEYjHYRJC/5gjUvdkuO2c3JllrPtHXH5UJJK8LRYl5yQ==",
      "license": "MIT"
    },
    "node_modules/motion-dom": {
      "version": "12.38.0",
      "resolved": "https://registry.npmjs.org/motion-dom/-/motion-dom-12.38.0.tgz",
      "integrity": "sha512-pdkHLD8QYRp8VfiNLb8xIBJis1byQ9gPT3Jnh2jqfFtAsWUA3dEepDlsWe/xMpO8McV+VdpKVcp+E+TGJEtOoA==",
      "license": "MIT",
      "dependencies": {
        "motion-utils": "^12.36.0"
      }
    },
    "node_modules/motion-utils": {
      "version": "12.36.0",
      "resolved": "https://registry.npmjs.org/motion-utils/-/motion-utils-12.36.0.tgz",
      "integrity": "sha512-eHWisygbiwVvf6PZ1vhaHCLamvkSbPIeAYxWUuL3a2PD/TROgE7FvfHWTIH4vMl798QLfMw15nRqIaRDXTlYRg==",
      "license": "MIT"
    },
    "node_modules/react": {
      "version": "19.2.5",
      "resolved": "https://registry.npmjs.org/react/-/react-19.2.5.tgz",
      "integrity": "sha512-llUJLzz1zTUBrskt2pwZgLq59AemifIftw4aB7JxOqf1HY2FDaGDxgwpAPVzHU1kdWabH7FauP4i1oEeer2WCA==",
      "license": "MIT",
      "peer": true,
      "engines": {
        "node": ">=0.10.0"
      }
    },
    "node_modules/shadergradient": {
      "version": "1.3.5",
      "resolved": "https://registry.npmjs.org/shadergradient/-/shadergradient-1.3.5.tgz",
      "integrity": "sha512-WqNgzo74JFGeDQYYsOfXpVMYqTtQ44KoW1fH3cTYe8jbuR7exDeX/0Bz5/bDm9Ai7T84wkcn2x5N3Ct4c+dAOQ==",
      "license": "MIT",
      "peerDependencies": {
        "react": "*"
      }
    },
    "node_modules/tslib": {
      "version": "2.8.1",
      "resolved": "https://registry.npmjs.org/tslib/-/tslib-2.8.1.tgz",
      "integrity": "sha512-oJFu94HQb+KVduSUQL7wnpmqnfmLsOA/nAh6b6EH0wCEoK0/mPeXU6c3wKDV83MkOuHPRHtSXKKU99IBazS/2w==",
      "license": "0BSD"
    }
  }
}
